
Microsoft Visual Studio Solution File, Format Version 12.00
# Visual Studio Version 16
VisualStudioVersion = 16.0.30804.86
MinimumVisualStudioVersion = 10.0.40219.1
Project("{FAE04EC0-301F-11D3-BF4B-00C04F79EFBC}") = "MyNUnit", "MyNUnit\MyNUnit.csproj", "{B00CFD50-BDEA-4125-80CF-C3088F3002BC}"
EndProject
Global
	GlobalSection(SolutionConfigurationPlatforms) = preSolution
		Debug|Any CPU = Debug|Any CPU
		Release|Any CPU = Release|Any CPU
	EndGlobalSection
	GlobalSection(ProjectConfigurationPlatforms) = postSolution
		{B00CFD50-BDEA-4125-80CF-C3088F3002BC}.Debug|Any CPU.ActiveCfg = Debug|Any CPU
		{B00CFD50-BDEA-4125-80CF-C3088F3002BC}.Debug|Any CPU.Build.0 = Debug|Any CPU
		{B00CFD50-BDEA-4125-80CF-C3088F3002BC}.Release|Any CPU.ActiveCfg = Release|Any CPU
		{B00CFD50-BDEA-4125-80CF-C3088F3002BC}.Release|Any CPU.Build.0 = Release|Any CPU
	EndGlobalSection
	GlobalSection(SolutionProperties) = preSolution
		HideSolutionNode = FALSE
	EndGlobalSection
	GlobalSection(ExtensibilityGlobals) = postSolution
		SolutionGuid = {F9962F46-EA56-45D3-A454-EEBEA4EE64EA}
	EndGlobalSection
EndGlobal
