
Microsoft Visual Studio Solution File, Format Version 12.00
# Visual Studio Version 16
VisualStudioVersion = 16.0.29409.12
MinimumVisualStudioVersion = 10.0.40219.1
Project("{FAE04EC0-301F-11D3-BF4B-00C04F79EFBC}") = "TicTacToe", "TicTacToe\TicTacToe.csproj", "{56BC4462-F833-4FD3-9421-147E879D35F1}"
EndProject
Global
	GlobalSection(SolutionConfigurationPlatforms) = preSolution
		Debug|Any CPU = Debug|Any CPU
		Release|Any CPU = Release|Any CPU
	EndGlobalSection
	GlobalSection(ProjectConfigurationPlatforms) = postSolution
		{56BC4462-F833-4FD3-9421-147E879D35F1}.Debug|Any CPU.ActiveCfg = Debug|Any CPU
		{56BC4462-F833-4FD3-9421-147E879D35F1}.Debug|Any CPU.Build.0 = Debug|Any CPU
		{56BC4462-F833-4FD3-9421-147E879D35F1}.Release|Any CPU.ActiveCfg = Release|Any CPU
		{56BC4462-F833-4FD3-9421-147E879D35F1}.Release|Any CPU.Build.0 = Release|Any CPU
	EndGlobalSection
	GlobalSection(SolutionProperties) = preSolution
		HideSolutionNode = FALSE
	EndGlobalSection
	GlobalSection(ExtensibilityGlobals) = postSolution
		SolutionGuid = {7DE32EA2-F63A-404B-9E81-1B1EFBA69A90}
	EndGlobalSection
EndGlobal
