
Microsoft Visual Studio Solution File, Format Version 12.00
# Visual Studio Version 16
VisualStudioVersion = 16.0.30804.86
MinimumVisualStudioVersion = 10.0.40219.1
Project("{FAE04EC0-301F-11D3-BF4B-00C04F79EFBC}") = "SimpleFTPClient", "SimpleFTPClient\SimpleFTPClient.csproj", "{3A323AC5-7C3E-41ED-AF66-3965F8772528}"
EndProject
Global
	GlobalSection(SolutionConfigurationPlatforms) = preSolution
		Debug|Any CPU = Debug|Any CPU
		Release|Any CPU = Release|Any CPU
	EndGlobalSection
	GlobalSection(ProjectConfigurationPlatforms) = postSolution
		{3A323AC5-7C3E-41ED-AF66-3965F8772528}.Debug|Any CPU.ActiveCfg = Debug|Any CPU
		{3A323AC5-7C3E-41ED-AF66-3965F8772528}.Debug|Any CPU.Build.0 = Debug|Any CPU
		{3A323AC5-7C3E-41ED-AF66-3965F8772528}.Release|Any CPU.ActiveCfg = Release|Any CPU
		{3A323AC5-7C3E-41ED-AF66-3965F8772528}.Release|Any CPU.Build.0 = Release|Any CPU
	EndGlobalSection
	GlobalSection(SolutionProperties) = preSolution
		HideSolutionNode = FALSE
	EndGlobalSection
	GlobalSection(ExtensibilityGlobals) = postSolution
		SolutionGuid = {0A411222-CBDF-4D19-89C5-5ADD3E0B843D}
	EndGlobalSection
EndGlobal
