
Microsoft Visual Studio Solution File, Format Version 12.00
# Visual Studio Version 16
VisualStudioVersion = 16.0.29409.12
MinimumVisualStudioVersion = 10.0.40219.1
Project("{9A19103F-16F7-4668-BE54-9A1E7A4F7556}") = "SimpleFTPServer", "SimpleFTPServer\SimpleFTPServer.csproj", "{A0C69BB2-FB6A-41FB-8881-ED892992A1C7}"
EndProject
Project("{FAE04EC0-301F-11D3-BF4B-00C04F79EFBC}") = "SimpleFTPTests", "SimpleFTPTests\SimpleFTPTests.csproj", "{C7F301AB-25E8-419F-9638-00391F86ACC4}"
EndProject
Project("{9A19103F-16F7-4668-BE54-9A1E7A4F7556}") = "SimpleFTPClient", "..\SimpleFTPClient\SimpleFTPClient\SimpleFTPClient.csproj", "{865F3180-6319-44A0-8D2C-FC699A343189}"
EndProject
Global
	GlobalSection(SolutionConfigurationPlatforms) = preSolution
		Debug|Any CPU = Debug|Any CPU
		Release|Any CPU = Release|Any CPU
	EndGlobalSection
	GlobalSection(ProjectConfigurationPlatforms) = postSolution
		{A0C69BB2-FB6A-41FB-8881-ED892992A1C7}.Debug|Any CPU.ActiveCfg = Debug|Any CPU
		{A0C69BB2-FB6A-41FB-8881-ED892992A1C7}.Debug|Any CPU.Build.0 = Debug|Any CPU
		{A0C69BB2-FB6A-41FB-8881-ED892992A1C7}.Release|Any CPU.ActiveCfg = Release|Any CPU
		{A0C69BB2-FB6A-41FB-8881-ED892992A1C7}.Release|Any CPU.Build.0 = Release|Any CPU
		{C7F301AB-25E8-419F-9638-00391F86ACC4}.Debug|Any CPU.ActiveCfg = Debug|Any CPU
		{C7F301AB-25E8-419F-9638-00391F86ACC4}.Debug|Any CPU.Build.0 = Debug|Any CPU
		{C7F301AB-25E8-419F-9638-00391F86ACC4}.Release|Any CPU.ActiveCfg = Release|Any CPU
		{C7F301AB-25E8-419F-9638-00391F86ACC4}.Release|Any CPU.Build.0 = Release|Any CPU
		{865F3180-6319-44A0-8D2C-FC699A343189}.Debug|Any CPU.ActiveCfg = Debug|Any CPU
		{865F3180-6319-44A0-8D2C-FC699A343189}.Debug|Any CPU.Build.0 = Debug|Any CPU
		{865F3180-6319-44A0-8D2C-FC699A343189}.Release|Any CPU.ActiveCfg = Release|Any CPU
		{865F3180-6319-44A0-8D2C-FC699A343189}.Release|Any CPU.Build.0 = Release|Any CPU
	EndGlobalSection
	GlobalSection(SolutionProperties) = preSolution
		HideSolutionNode = FALSE
	EndGlobalSection
	GlobalSection(ExtensibilityGlobals) = postSolution
		SolutionGuid = {D9385F8F-957E-4B7F-A8B8-C07B6236B1A2}
	EndGlobalSection
EndGlobal
